
Microsoft Visual Studio Solution File, Format Version 12.00
# Visual Studio Version 16
VisualStudioVersion = 16.0.30717.126
MinimumVisualStudioVersion = 10.0.40219.1
Project("{FAE04EC0-301F-11D3-BF4B-00C04F79EFBC}") = "TowerOfHanoi", "TowerOfHanoi\TowerOfHanoi.csproj", "{55AFFC85-AD34-41EC-A0E5-F5E3DDDB5EEF}"
EndProject
Global
	GlobalSection(SolutionConfigurationPlatforms) = preSolution
		Debug|Any CPU = Debug|Any CPU
		Release|Any CPU = Release|Any CPU
	EndGlobalSection
	GlobalSection(ProjectConfigurationPlatforms) = postSolution
		{55AFFC85-AD34-41EC-A0E5-F5E3DDDB5EEF}.Debug|Any CPU.ActiveCfg = Debug|Any CPU
		{55AFFC85-AD34-41EC-A0E5-F5E3DDDB5EEF}.Debug|Any CPU.Build.0 = Debug|Any CPU
		{55AFFC85-AD34-41EC-A0E5-F5E3DDDB5EEF}.Release|Any CPU.ActiveCfg = Release|Any CPU
		{55AFFC85-AD34-41EC-A0E5-F5E3DDDB5EEF}.Release|Any CPU.Build.0 = Release|Any CPU
	EndGlobalSection
	GlobalSection(SolutionProperties) = preSolution
		HideSolutionNode = FALSE
	EndGlobalSection
	GlobalSection(ExtensibilityGlobals) = postSolution
		SolutionGuid = {CB8E8BCA-F7F2-4B35-8A02-6A7DFA832394}
	EndGlobalSection
EndGlobal
